
Microsoft Visual Studio Solution File, Format Version 12.00
# Visual Studio Version 17
VisualStudioVersion = 17.0.31912.275
MinimumVisualStudioVersion = 10.0.40219.1
Project("{9A19103F-16F7-4668-BE54-9A1E7A4F7556}") = "ToDoList", "ToDoList\ToDoList.csproj", "{73FC3A48-4231-47DC-8FDE-F6146802839C}"
EndProject
Global
	GlobalSection(SolutionConfigurationPlatforms) = preSolution
		Debug|Any CPU = Debug|Any CPU
		Release|Any CPU = Release|Any CPU
	EndGlobalSection
	GlobalSection(ProjectConfigurationPlatforms) = postSolution
		{73FC3A48-4231-47DC-8FDE-F6146802839C}.Debug|Any CPU.ActiveCfg = Debug|Any CPU
		{73FC3A48-4231-47DC-8FDE-F6146802839C}.Debug|Any CPU.Build.0 = Debug|Any CPU
		{73FC3A48-4231-47DC-8FDE-F6146802839C}.Release|Any CPU.ActiveCfg = Release|Any CPU
		{73FC3A48-4231-47DC-8FDE-F6146802839C}.Release|Any CPU.Build.0 = Release|Any CPU
	EndGlobalSection
	GlobalSection(SolutionProperties) = preSolution
		HideSolutionNode = FALSE
	EndGlobalSection
	GlobalSection(ExtensibilityGlobals) = postSolution
		SolutionGuid = {6F1E9632-9112-4A25-B8FF-8D61F4B2FA39}
	EndGlobalSection
EndGlobal
